PODS:
  - Alamofire (5.2.1)
  - SVProgressHUD (2.2.5)

DEPENDENCIES:
  - Alamofire
  - SVProgressHUD

SPEC REPOS:
  https://github.com/cocoapods/specs.git:
    - Alamofire
    - SVProgressHUD

SPEC CHECKSUMS:
  Alamofire: e911732990610fe89af59ac0077f923d72dc3dfd
  SVProgressHUD: 1428aafac632c1f86f62aa4243ec12008d7a51d6

PODFILE CHECKSUM: 2ec2b731f1fb1353ec7afbf4b305214bcce9f7be

COCOAPODS: 1.5.2
